{
  "name": "family-tree-backend",
  "lockfileVersion": 3,
  "requires": true,
  "packages": {
    "": {
      "dependencies": {
        "@balkangraph/familytree.js": "^1.9.44"
      }
    },
    "node_modules/@balkangraph/familytree.js": {
      "version": "1.9.44",
      "resolved": "https://registry.npmjs.org/@balkangraph/familytree.js/-/familytree.js-1.9.44.tgz",
      "integrity": "sha512-9Mfph7zWAe9ZGs8pirhZlK7X1vremawHe4ZoEz2+pBGePPiCPXB7os+lpyvFWfBlRhmgMb6Zi/qkmzFL4iuyKw==",
      "license": "SEE LICENSE IN https://balkan.app"
    }
  }
}
